%{"bunt": {:hex, :bunt, "0.2.0", "951c6e801e8b1d2cbe58ebbd3e616a869061ddadcc4863d0a2182541acae9a38", [:mix], []},
  "credo": {:hex, :credo, "0.7.4", "0c33bcce4d574ce6df163cbc7d1ecb22de65713184355bd3be81cc4ab0ecaafa", [:mix], [{:bunt, "~> 0.2.0", [hex: :bunt, optional: false]}]},
  "eredis": {:hex, :eredis, "1.0.8", "ab4fda1c4ba7fbe6c19c26c249dc13da916d762502c4b4fa2df401a8d51c5364", [:rebar], []},
  "jiffy": {:hex, :jiffy, "0.14.11", "919a87d491c5a6b5e3bbc27fafedc3a0761ca0b4c405394f121f582fd4e3f0e5", [:rebar3], []}}
